{
  "name": "unblockedgames",
  "lockfileVersion": 3,
  "requires": true,
  "packages": {
    "": {
      "dependencies": {
        "gem": "^2.4.3"
      }
    },
    "node_modules/emitter-b": {
      "version": "1.0.0",
      "resolved": "https://registry.npmjs.org/emitter-b/-/emitter-b-1.0.0.tgz",
      "integrity": "sha512-Ug5yFHs+cj511x0hsP8TO2nbXiJ+c8Adol9xiob/qXD8ptihxZ1mr1z3D5Cph2TJoQgUNH9fXwrBNhHxL6KJ+w==",
      "dependencies": {
        "proto": ">=1.0.17"
      }
    },
    "node_modules/gem": {
      "version": "2.4.3",
      "resolved": "https://registry.npmjs.org/gem/-/gem-2.4.3.tgz",
      "integrity": "sha512-PkXm35oFCg9/Sb7RvYar3JlYuPBkBBgiH5G3Z97Xy9gIU8Zy5hBA/K9rk3AxeCiQRNm/n4koItA7zb/irbcvlA==",
      "dependencies": {
        "emitter-b": "*",
        "hashmap": "https://github.com/Tixit/hashmap/archive/c666bbe32a8d23bbafc96c5d8f18e385b1b00f27.tar.gz",
        "observe": "1",
        "proto": ">=1.0.17",
        "trimArguments": "https://github.com/fresheneesz/trimArguments/archive/c9c023c9ff1e0aec4b67370a80a92dacadcf8b11.tar.gz"
      }
    },
    "node_modules/hashmap": {
      "version": "2.0.5-minfiedBugFix",
      "resolved": "https://github.com/Tixit/hashmap/archive/c666bbe32a8d23bbafc96c5d8f18e385b1b00f27.tar.gz",
      "integrity": "sha512-VYmmBJ/KuQgX7flE0edHE7ke0PXIi/wbpcv+s7mrMkOJSoE/L/BNCWyODSWSznT5spxwInc4iymCa8VGisC3Ew==",
      "engines": {
        "node": "*"
      }
    },
    "node_modules/observe": {
      "version": "1.4.1",
      "resolved": "https://registry.npmjs.org/observe/-/observe-1.4.1.tgz",
      "integrity": "sha512-xq1XHEwjJm5Vqpvpy0/RknqF+rDsg8o6CApoWxfGizHEjFCruOU4HnScM2wQesoug4hMg07nLinTCBaZK6aAPA==",
      "dependencies": {
        "proto": "*"
      }
    },
    "node_modules/proto": {
      "version": "1.0.19",
      "resolved": "https://registry.npmjs.org/proto/-/proto-1.0.19.tgz",
      "integrity": "sha512-NNRn4T3FAcMbiRZAr6HlAP3PyqSv79bcYdfiZbY1nognRTVeGAd5Ncg4yHZdM2ey9ovP/sOg/0lfalvaj3ZpHA=="
    },
    "node_modules/trimArguments": {
      "version": "1.0.1",
      "resolved": "https://github.com/fresheneesz/trimArguments/archive/c9c023c9ff1e0aec4b67370a80a92dacadcf8b11.tar.gz",
      "integrity": "sha512-SC6VIl5Lbma02frRD70cQg/IFW2czQrTiyhUqzCWUWxm80VxCR9i9HD0GkSe8gaGUlyc7YVhdMa6wccli1j/TA=="
    }
  }
}
